
Microsoft Visual Studio Solution File, Format Version 12.00
# Visual Studio Version 16
VisualStudioVersion = 16.0.31129.286
MinimumVisualStudioVersion = 10.0.40219.1
Project("{FAE04EC0-301F-11D3-BF4B-00C04F79EFBC}") = "cab301-assignment", "cab301-assignment\cab301-assignment.csproj", "{5477F9B8-E60A-431E-8808-8BE9D87114A2}"
EndProject
Global
	GlobalSection(SolutionConfigurationPlatforms) = preSolution
		Debug|Any CPU = Debug|Any CPU
		Release|Any CPU = Release|Any CPU
	EndGlobalSection
	GlobalSection(ProjectConfigurationPlatforms) = postSolution
		{5477F9B8-E60A-431E-8808-8BE9D87114A2}.Debug|Any CPU.ActiveCfg = Debug|Any CPU
		{5477F9B8-E60A-431E-8808-8BE9D87114A2}.Debug|Any CPU.Build.0 = Debug|Any CPU
		{5477F9B8-E60A-431E-8808-8BE9D87114A2}.Release|Any CPU.ActiveCfg = Release|Any CPU
		{5477F9B8-E60A-431E-8808-8BE9D87114A2}.Release|Any CPU.Build.0 = Release|Any CPU
	EndGlobalSection
	GlobalSection(SolutionProperties) = preSolution
		HideSolutionNode = FALSE
	EndGlobalSection
	GlobalSection(ExtensibilityGlobals) = postSolution
		SolutionGuid = {60C8E413-A070-484F-AD37-15766BE7CF4E}
	EndGlobalSection
EndGlobal
